
Microsoft Visual Studio Solution File, Format Version 12.00
# Visual Studio Version 17
VisualStudioVersion = 17.14.37411.7
MinimumVisualStudioVersion = 10.0.40219.1
Project("{FAE04EC0-301F-11D3-BF4B-00C04F79EFBC}") = "WhatPlantsCrave", "WhatPlantsCrave.csproj", "{9CA5C2A1-B4F8-4ED4-B2E4-3369A778459C}"
EndProject
Project("{FAE04EC0-301F-11D3-BF4B-00C04F79EFBC}") = "Brawndo_Components", "..\Brawndo_Components\Brawndo_Components.csproj", "{00875A76-F7C2-79A6-9ED9-1295EC22888E}"
EndProject
Project("{FAE04EC0-301F-11D3-BF4B-00C04F79EFBC}") = "WhatPlantsCraveTests", "..\WhatPlantsCraveTests\WhatPlantsCraveTests.csproj", "{CEBEE35E-6FCC-4302-B4C5-CEA5AA767228}"
EndProject
Global
	GlobalSection(SolutionConfigurationPlatforms) = preSolution
		Debug|Any CPU = Debug|Any CPU
		Release|Any CPU = Release|Any CPU
	EndGlobalSection
	GlobalSection(ProjectConfigurationPlatforms) = postSolution
		{9CA5C2A1-B4F8-4ED4-B2E4-3369A778459C}.Debug|Any CPU.ActiveCfg = Debug|Any CPU
		{9CA5C2A1-B4F8-4ED4-B2E4-3369A778459C}.Debug|Any CPU.Build.0 = Debug|Any CPU
		{9CA5C2A1-B4F8-4ED4-B2E4-3369A778459C}.Release|Any CPU.ActiveCfg = Release|Any CPU
		{9CA5C2A1-B4F8-4ED4-B2E4-3369A778459C}.Release|Any CPU.Build.0 = Release|Any CPU
		{00875A76-F7C2-79A6-9ED9-1295EC22888E}.Debug|Any CPU.ActiveCfg = Debug|Any CPU
		{00875A76-F7C2-79A6-9ED9-1295EC22888E}.Debug|Any CPU.Build.0 = Debug|Any CPU
		{00875A76-F7C2-79A6-9ED9-1295EC22888E}.Release|Any CPU.ActiveCfg = Release|Any CPU
		{00875A76-F7C2-79A6-9ED9-1295EC22888E}.Release|Any CPU.Build.0 = Release|Any CPU
		{CEBEE35E-6FCC-4302-B4C5-CEA5AA767228}.Debug|Any CPU.ActiveCfg = Debug|Any CPU
		{CEBEE35E-6FCC-4302-B4C5-CEA5AA767228}.Debug|Any CPU.Build.0 = Debug|Any CPU
		{CEBEE35E-6FCC-4302-B4C5-CEA5AA767228}.Release|Any CPU.ActiveCfg = Release|Any CPU
		{CEBEE35E-6FCC-4302-B4C5-CEA5AA767228}.Release|Any CPU.Build.0 = Release|Any CPU
	EndGlobalSection
	GlobalSection(SolutionProperties) = preSolution
		HideSolutionNode = FALSE
	EndGlobalSection
	GlobalSection(ExtensibilityGlobals) = postSolution
		SolutionGuid = {49CCEBAB-98CF-4EE0-957A-86462B85A9B6}
	EndGlobalSection
EndGlobal
